
Microsoft Visual Studio Solution File, Format Version 12.00
# Visual Studio Version 17
VisualStudioVersion = 17.3.32825.248
MinimumVisualStudioVersion = 10.0.40219.1
Project("{FAE04EC0-301F-11D3-BF4B-00C04F79EFBC}") = "WCF_Ventas", "WCF_Ventas\WCF_Ventas.csproj", "{6F47FA5A-A453-47C3-A903-BDADE2D7AA9D}"
EndProject
Project("{FAE04EC0-301F-11D3-BF4B-00C04F79EFBC}") = "TestWindows_WCF_Ventas", "TestWindows_WCF_Ventas\TestWindows_WCF_Ventas.csproj", "{56A72891-B0FD-445D-B216-50058A6039BE}"
EndProject
Global
	GlobalSection(SolutionConfigurationPlatforms) = preSolution
		Debug|Any CPU = Debug|Any CPU
		Release|Any CPU = Release|Any CPU
	EndGlobalSection
	GlobalSection(ProjectConfigurationPlatforms) = postSolution
		{6F47FA5A-A453-47C3-A903-BDADE2D7AA9D}.Debug|Any CPU.ActiveCfg = Debug|Any CPU
		{6F47FA5A-A453-47C3-A903-BDADE2D7AA9D}.Debug|Any CPU.Build.0 = Debug|Any CPU
		{6F47FA5A-A453-47C3-A903-BDADE2D7AA9D}.Release|Any CPU.ActiveCfg = Release|Any CPU
		{6F47FA5A-A453-47C3-A903-BDADE2D7AA9D}.Release|Any CPU.Build.0 = Release|Any CPU
		{56A72891-B0FD-445D-B216-50058A6039BE}.Debug|Any CPU.ActiveCfg = Debug|Any CPU
		{56A72891-B0FD-445D-B216-50058A6039BE}.Debug|Any CPU.Build.0 = Debug|Any CPU
		{56A72891-B0FD-445D-B216-50058A6039BE}.Release|Any CPU.ActiveCfg = Release|Any CPU
		{56A72891-B0FD-445D-B216-50058A6039BE}.Release|Any CPU.Build.0 = Release|Any CPU
	EndGlobalSection
	GlobalSection(SolutionProperties) = preSolution
		HideSolutionNode = FALSE
	EndGlobalSection
	GlobalSection(ExtensibilityGlobals) = postSolution
		SolutionGuid = {63A75A84-95F0-4F75-844F-B425221AB050}
	EndGlobalSection
EndGlobal
